
Microsoft Visual Studio Solution File, Format Version 12.00
# Visual Studio Version 17
VisualStudioVersion = 17.2.32630.192
MinimumVisualStudioVersion = 10.0.40219.1
Project("{FAE04EC0-301F-11D3-BF4B-00C04F79EFBC}") = "ImagResizer", "ImagResizer.csproj", "{E7C6CC05-E6D3-4726-9E37-9DA40718E349}"
EndProject
Global
	GlobalSection(SolutionConfigurationPlatforms) = preSolution
		Debug|Any CPU = Debug|Any CPU
		Release|Any CPU = Release|Any CPU
	EndGlobalSection
	GlobalSection(ProjectConfigurationPlatforms) = postSolution
		{E7C6CC05-E6D3-4726-9E37-9DA40718E349}.Debug|Any CPU.ActiveCfg = Debug|Any CPU
		{E7C6CC05-E6D3-4726-9E37-9DA40718E349}.Debug|Any CPU.Build.0 = Debug|Any CPU
		{E7C6CC05-E6D3-4726-9E37-9DA40718E349}.Release|Any CPU.ActiveCfg = Release|Any CPU
		{E7C6CC05-E6D3-4726-9E37-9DA40718E349}.Release|Any CPU.Build.0 = Release|Any CPU
	EndGlobalSection
	GlobalSection(SolutionProperties) = preSolution
		HideSolutionNode = FALSE
	EndGlobalSection
	GlobalSection(ExtensibilityGlobals) = postSolution
		SolutionGuid = {A0DD7728-6CAB-4A79-84E6-229CBCEB937D}
	EndGlobalSection
EndGlobal
